
Microsoft Visual Studio Solution File, Format Version 12.00
# Visual Studio Version 17
VisualStudioVersion = 17.3.32825.248
MinimumVisualStudioVersion = 10.0.40219.1
Project("{FAE04EC0-301F-11D3-BF4B-00C04F79EFBC}") = "Bouncing balls", "Bouncing balls\Bouncing balls.csproj", "{7CCE3DF1-2BD2-4A9F-802B-4699778EE42E}"
EndProject
Project("{FAE04EC0-301F-11D3-BF4B-00C04F79EFBC}") = "Ball", "Ball\Ball.csproj", "{F5CE2D4E-D650-4922-AA08-7668EB3BB306}"
EndProject
Global
	GlobalSection(SolutionConfigurationPlatforms) = preSolution
		Debug|Any CPU = Debug|Any CPU
		Release|Any CPU = Release|Any CPU
	EndGlobalSection
	GlobalSection(ProjectConfigurationPlatforms) = postSolution
		{7CCE3DF1-2BD2-4A9F-802B-4699778EE42E}.Debug|Any CPU.ActiveCfg = Debug|Any CPU
		{7CCE3DF1-2BD2-4A9F-802B-4699778EE42E}.Debug|Any CPU.Build.0 = Debug|Any CPU
		{7CCE3DF1-2BD2-4A9F-802B-4699778EE42E}.Release|Any CPU.ActiveCfg = Release|Any CPU
		{7CCE3DF1-2BD2-4A9F-802B-4699778EE42E}.Release|Any CPU.Build.0 = Release|Any CPU
		{F5CE2D4E-D650-4922-AA08-7668EB3BB306}.Debug|Any CPU.ActiveCfg = Debug|Any CPU
		{F5CE2D4E-D650-4922-AA08-7668EB3BB306}.Debug|Any CPU.Build.0 = Debug|Any CPU
		{F5CE2D4E-D650-4922-AA08-7668EB3BB306}.Release|Any CPU.ActiveCfg = Release|Any CPU
		{F5CE2D4E-D650-4922-AA08-7668EB3BB306}.Release|Any CPU.Build.0 = Release|Any CPU
	EndGlobalSection
	GlobalSection(SolutionProperties) = preSolution
		HideSolutionNode = FALSE
	EndGlobalSection
	GlobalSection(ExtensibilityGlobals) = postSolution
		SolutionGuid = {52633E41-5A96-43A6-A648-DC3471E947AD}
	EndGlobalSection
EndGlobal
