
Microsoft Visual Studio Solution File, Format Version 12.00
# Visual Studio Version 17
VisualStudioVersion = 17.3.32825.248
MinimumVisualStudioVersion = 10.0.40219.1
Project("{FAE04EC0-301F-11D3-BF4B-00C04F79EFBC}") = "WindowsFormsTest3", "WindowsFormsTest3\WindowsFormsTest3.csproj", "{F616E8C8-19FA-4F3A-97CD-5E1672E915E3}"
EndProject
Global
	GlobalSection(SolutionConfigurationPlatforms) = preSolution
		Debug|Any CPU = Debug|Any CPU
		Release|Any CPU = Release|Any CPU
	EndGlobalSection
	GlobalSection(ProjectConfigurationPlatforms) = postSolution
		{F616E8C8-19FA-4F3A-97CD-5E1672E915E3}.Debug|Any CPU.ActiveCfg = Debug|Any CPU
		{F616E8C8-19FA-4F3A-97CD-5E1672E915E3}.Debug|Any CPU.Build.0 = Debug|Any CPU
		{F616E8C8-19FA-4F3A-97CD-5E1672E915E3}.Release|Any CPU.ActiveCfg = Release|Any CPU
		{F616E8C8-19FA-4F3A-97CD-5E1672E915E3}.Release|Any CPU.Build.0 = Release|Any CPU
	EndGlobalSection
	GlobalSection(SolutionProperties) = preSolution
		HideSolutionNode = FALSE
	EndGlobalSection
	GlobalSection(ExtensibilityGlobals) = postSolution
		SolutionGuid = {026735D8-D5D0-4A25-B513-AE34F1C45528}
	EndGlobalSection
EndGlobal
